github.com/envoker/gotk3 v0.0.0-20160310213945-1bdac686fc34 h1:ZmRRYv8iR/sURS8n3KRWJyXI4M0ZYJiQmh5nc6fdfJE=
github.com/envoker/gotk3 v0.0.0-20160310213945-1bdac686fc34/go.mod h1:+GLOqHSA1TkmRzLjquP+24b/tx2zrtjCE57J2eDo9pM=
github.com/gitchander/cairo v0.0.0-20200111084037-6a5f21adc4a0 h1:YARRxtcUnwv/YPSYKuROivNlA+r/AWPerxkw4HH1zaA=
github.com/gitchander/cairo v0.0.0-20200111084037-6a5f21adc4a0/go.mod h1:npQ2MDL35ci6gcXXCbCE8xuTffF4jZGCfC1ouLNTuv4=
